
Microsoft Visual Studio Solution File, Format Version 12.00
# Visual Studio Version 17
VisualStudioVersion = 17.1.32421.90
MinimumVisualStudioVersion = 10.0.40219.1
Project("{9A19103F-16F7-4668-BE54-9A1E7A4F7556}") = "TestRunnerKafkaConsumer", "TestRunnerKafkaConsumer.csproj", "{443A73C3-D8B3-45B2-9A89-05993327EF4F}"
EndProject
Project("{9A19103F-16F7-4668-BE54-9A1E7A4F7556}") = "HookKafkaProducer", "..\HookKafkaProducer\HookKafkaProducer.csproj", "{C4E108DE-127C-4953-A94E-4574C091756E}"
EndProject
Project("{9A19103F-16F7-4668-BE54-9A1E7A4F7556}") = "RunnerClient", "..\RunnerClient\RunnerClient.csproj", "{F2AAF525-F5BD-4748-B335-96FC2B08F5B0}"
EndProject
Project("{9A19103F-16F7-4668-BE54-9A1E7A4F7556}") = "CommonLibrary", "..\CommonLibrary\CommonLibrary.csproj", "{BBB5FC57-5BB8-4AD2-BCC9-004DA8BF45BF}"
EndProject
Global
	GlobalSection(SolutionConfigurationPlatforms) = preSolution
		Debug|Any CPU = Debug|Any CPU
		Release|Any CPU = Release|Any CPU
	EndGlobalSection
	GlobalSection(ProjectConfigurationPlatforms) = postSolution
		{443A73C3-D8B3-45B2-9A89-05993327EF4F}.Debug|Any CPU.ActiveCfg = Debug|Any CPU
		{443A73C3-D8B3-45B2-9A89-05993327EF4F}.Debug|Any CPU.Build.0 = Debug|Any CPU
		{443A73C3-D8B3-45B2-9A89-05993327EF4F}.Release|Any CPU.ActiveCfg = Release|Any CPU
		{443A73C3-D8B3-45B2-9A89-05993327EF4F}.Release|Any CPU.Build.0 = Release|Any CPU
		{C4E108DE-127C-4953-A94E-4574C091756E}.Debug|Any CPU.ActiveCfg = Debug|Any CPU
		{C4E108DE-127C-4953-A94E-4574C091756E}.Debug|Any CPU.Build.0 = Debug|Any CPU
		{C4E108DE-127C-4953-A94E-4574C091756E}.Release|Any CPU.ActiveCfg = Release|Any CPU
		{C4E108DE-127C-4953-A94E-4574C091756E}.Release|Any CPU.Build.0 = Release|Any CPU
		{F2AAF525-F5BD-4748-B335-96FC2B08F5B0}.Debug|Any CPU.ActiveCfg = Debug|Any CPU
		{F2AAF525-F5BD-4748-B335-96FC2B08F5B0}.Debug|Any CPU.Build.0 = Debug|Any CPU
		{F2AAF525-F5BD-4748-B335-96FC2B08F5B0}.Release|Any CPU.ActiveCfg = Release|Any CPU
		{F2AAF525-F5BD-4748-B335-96FC2B08F5B0}.Release|Any CPU.Build.0 = Release|Any CPU
		{BBB5FC57-5BB8-4AD2-BCC9-004DA8BF45BF}.Debug|Any CPU.ActiveCfg = Debug|Any CPU
		{BBB5FC57-5BB8-4AD2-BCC9-004DA8BF45BF}.Debug|Any CPU.Build.0 = Debug|Any CPU
		{BBB5FC57-5BB8-4AD2-BCC9-004DA8BF45BF}.Release|Any CPU.ActiveCfg = Release|Any CPU
		{BBB5FC57-5BB8-4AD2-BCC9-004DA8BF45BF}.Release|Any CPU.Build.0 = Release|Any CPU
	EndGlobalSection
	GlobalSection(SolutionProperties) = preSolution
		HideSolutionNode = FALSE
	EndGlobalSection
	GlobalSection(ExtensibilityGlobals) = postSolution
		SolutionGuid = {3D04267E-982D-4A7E-804A-7CAC257FE93B}
	EndGlobalSection
EndGlobal
